{
  "name": "rucksack-lite",
  "version": "3.0.0",
  "lockfileVersion": 1,
  "requires": true,
  "dependencies": {
    "is-ssh": {
      "version": "1.3.0",
      "resolved": "https://registry.npmjs.org/is-ssh/-/is-ssh-1.3.0.tgz",
      "integrity": "sha1-6+oRaaJhTaOSpjdANmw84EnY3/Y=",
      "requires": {
        "protocols": "1.4.6"
      }
    },
    "parse-url": {
      "version": "1.3.11",
      "resolved": "https://registry.npmjs.org/parse-url/-/parse-url-1.3.11.tgz",
      "integrity": "sha1-V8FUKKuKiSsfQ4aWRccR0OFEtVQ=",
      "requires": {
        "is-ssh": "1.3.0",
        "protocols": "1.4.6"
      }
    },
    "protocols": {
      "version": "1.4.6",
      "resolved": "https://registry.npmjs.org/protocols/-/protocols-1.4.6.tgz",
      "integrity": "sha1-+LsmPqG1/Xp2BNJri+Ob13Z4v4o="
    },
    "url-local": {
      "version": "1.1.6",
      "resolved": "https://registry.npmjs.org/url-local/-/url-local-1.1.6.tgz",
      "integrity": "sha1-CLA7xoyyd4ypm8R7/84wWpTxYqY=",
      "requires": {
        "parse-url": "1.3.11"
      }
    },
    "url-remote": {
      "version": "1.1.6",
      "resolved": "https://registry.npmjs.org/url-remote/-/url-remote-1.1.6.tgz",
      "integrity": "sha1-jdPuTRhroXAX2lVhCAmSLLsyIIU=",
      "requires": {
        "url-local": "1.1.6"
      }
    }
  }
}
